hash: 446791b8ef9559ce6a2fdc239c9cc720052f9ffef4a3201e12c756d4be2b7a11
updated: 2016-12-19T14:59:55.428039349+09:00
imports:
- name: github.com/codegangsta/cli
  version: 0bdeddeeb0f650497d603c4ad7b20cfe685682f6
- name: github.com/google/go-querystring
  version: 9235644dd9e52eeae6fa48efd539fdc351a0af53
  subpackages:
  - query
testImports: []
